
Microsoft Visual Studio Solution File, Format Version 12.00
# Visual Studio Version 17
VisualStudioVersion = 17.0.31903.59
MinimumVisualStudioVersion = 10.0.40219.1
Project("{FAE04EC0-301F-11D3-BF4B-00C04F79EFBC}") = "WiiUSharp", "WiiUSharp\WiiUSharp.csproj", "{13CFC957-F746-4D06-8558-5EACC5B82496}"
EndProject
Project("{FAE04EC0-301F-11D3-BF4B-00C04F79EFBC}") = "WiiUSharp.Nfs", "WiiUSharp.Nfs\WiiUSharp.Nfs.csproj", "{7889511F-9C93-4E64-BF78-388A8CE908D1}"
EndProject
Project("{2150E333-8FDC-42A3-9474-1A3956D46DE8}") = ".tests", ".tests", "{9CBE8BDF-E2D4-CFB6-4D71-B203AD5191F7}"
EndProject
Project("{FAE04EC0-301F-11D3-BF4B-00C04F79EFBC}") = "WiiUSharp.Tests", ".tests\WiiUSharp.Tests\WiiUSharp.Tests.csproj", "{5E30EDAD-E446-4111-A8BA-9CB4471AFED5}"
EndProject
Project("{FAE04EC0-301F-11D3-BF4B-00C04F79EFBC}") = "WiiUSharp.Nfs.Tests", ".tests\WiiUSharp.Nfs.Tests\WiiUSharp.Nfs.Tests.csproj", "{0CF258F9-6789-4715-AA09-766CA0BCC49B}"
EndProject
Project("{FAE04EC0-301F-11D3-BF4B-00C04F79EFBC}") = "WiiUSharp.Imaging", "WiiUSharp.Imaging\WiiUSharp.Imaging.csproj", "{5472D676-E243-4633-B6BA-67142F25AE8A}"
EndProject
Project("{FAE04EC0-301F-11D3-BF4B-00C04F79EFBC}") = "WiiUSharp.Imaging.Tests", ".tests\WiiUSharp.Imaging.Tests\WiiUSharp.Imaging.Tests.csproj", "{CBF9DFEB-DF8A-4120-9BEA-703405E1D5C9}"
EndProject
Project("{FAE04EC0-301F-11D3-BF4B-00C04F79EFBC}") = "WiiUSharp.Audio", "WiiUSharp.Audio\WiiUSharp.Audio.csproj", "{DEAE13C2-199B-4A1A-A33B-26CD557E32FF}"
EndProject
Project("{FAE04EC0-301F-11D3-BF4B-00C04F79EFBC}") = "WiiUSharp.Audio.Tests", ".tests\WiiUSharp.Audio.Tests\WiiUSharp.Audio.Tests.csproj", "{1DC29853-45E6-4B45-B2F5-AEE45ACDC481}"
EndProject
Project("{FAE04EC0-301F-11D3-BF4B-00C04F79EFBC}") = "WiiUSharp.Nus", "WiiUSharp.Nus\WiiUSharp.Nus.csproj", "{F38F9A11-5F0A-4F7D-B639-DA533288D664}"
EndProject
Project("{FAE04EC0-301F-11D3-BF4B-00C04F79EFBC}") = "WiiUSharp.Nus.Tests", ".tests\WiiUSharp.Nus.Tests\WiiUSharp.Nus.Tests.csproj", "{6636AB02-8FE2-4EEA-A7BE-E4AABF012CB5}"
EndProject
Project("{FAE04EC0-301F-11D3-BF4B-00C04F79EFBC}") = "WiiUSharp.Rpx", "WiiUSharp.Rpx\WiiUSharp.Rpx.csproj", "{1CF9A8AC-7541-4640-A869-7ABC08FA0187}"
EndProject
Project("{FAE04EC0-301F-11D3-BF4B-00C04F79EFBC}") = "WiiUSharp.Rpx.Tests", ".tests\WiiUSharp.Rpx.Tests\WiiUSharp.Rpx.Tests.csproj", "{D56FCF75-8A8B-4FEF-9974-061B2CEE1A47}"
EndProject
Global
	GlobalSection(SolutionConfigurationPlatforms) = preSolution
		Debug|Any CPU = Debug|Any CPU
		Debug|x64 = Debug|x64
		Debug|x86 = Debug|x86
		Release|Any CPU = Release|Any CPU
		Release|x64 = Release|x64
		Release|x86 = Release|x86
	EndGlobalSection
	GlobalSection(ProjectConfigurationPlatforms) = postSolution
		{13CFC957-F746-4D06-8558-5EACC5B82496}.Debug|Any CPU.ActiveCfg = Debug|Any CPU
		{13CFC957-F746-4D06-8558-5EACC5B82496}.Debug|Any CPU.Build.0 = Debug|Any CPU
		{13CFC957-F746-4D06-8558-5EACC5B82496}.Debug|x64.ActiveCfg = Debug|Any CPU
		{13CFC957-F746-4D06-8558-5EACC5B82496}.Debug|x64.Build.0 = Debug|Any CPU
		{13CFC957-F746-4D06-8558-5EACC5B82496}.Debug|x86.ActiveCfg = Debug|Any CPU
		{13CFC957-F746-4D06-8558-5EACC5B82496}.Debug|x86.Build.0 = Debug|Any CPU
		{13CFC957-F746-4D06-8558-5EACC5B82496}.Release|Any CPU.ActiveCfg = Release|Any CPU
		{13CFC957-F746-4D06-8558-5EACC5B82496}.Release|Any CPU.Build.0 = Release|Any CPU
		{13CFC957-F746-4D06-8558-5EACC5B82496}.Release|x64.ActiveCfg = Release|Any CPU
		{13CFC957-F746-4D06-8558-5EACC5B82496}.Release|x64.Build.0 = Release|Any CPU
		{13CFC957-F746-4D06-8558-5EACC5B82496}.Release|x86.ActiveCfg = Release|Any CPU
		{13CFC957-F746-4D06-8558-5EACC5B82496}.Release|x86.Build.0 = Release|Any CPU
		{7889511F-9C93-4E64-BF78-388A8CE908D1}.Debug|Any CPU.ActiveCfg = Debug|Any CPU
		{7889511F-9C93-4E64-BF78-388A8CE908D1}.Debug|Any CPU.Build.0 = Debug|Any CPU
		{7889511F-9C93-4E64-BF78-388A8CE908D1}.Debug|x64.ActiveCfg = Debug|Any CPU
		{7889511F-9C93-4E64-BF78-388A8CE908D1}.Debug|x64.Build.0 = Debug|Any CPU
		{7889511F-9C93-4E64-BF78-388A8CE908D1}.Debug|x86.ActiveCfg = Debug|Any CPU
		{7889511F-9C93-4E64-BF78-388A8CE908D1}.Debug|x86.Build.0 = Debug|Any CPU
		{7889511F-9C93-4E64-BF78-388A8CE908D1}.Release|Any CPU.ActiveCfg = Release|Any CPU
		{7889511F-9C93-4E64-BF78-388A8CE908D1}.Release|Any CPU.Build.0 = Release|Any CPU
		{7889511F-9C93-4E64-BF78-388A8CE908D1}.Release|x64.ActiveCfg = Release|Any CPU
		{7889511F-9C93-4E64-BF78-388A8CE908D1}.Release|x64.Build.0 = Release|Any CPU
		{7889511F-9C93-4E64-BF78-388A8CE908D1}.Release|x86.ActiveCfg = Release|Any CPU
		{7889511F-9C93-4E64-BF78-388A8CE908D1}.Release|x86.Build.0 = Release|Any CPU
		{5E30EDAD-E446-4111-A8BA-9CB4471AFED5}.Debug|Any CPU.ActiveCfg = Debug|Any CPU
		{5E30EDAD-E446-4111-A8BA-9CB4471AFED5}.Debug|Any CPU.Build.0 = Debug|Any CPU
		{5E30EDAD-E446-4111-A8BA-9CB4471AFED5}.Debug|x64.ActiveCfg = Debug|Any CPU
		{5E30EDAD-E446-4111-A8BA-9CB4471AFED5}.Debug|x64.Build.0 = Debug|Any CPU
		{5E30EDAD-E446-4111-A8BA-9CB4471AFED5}.Debug|x86.ActiveCfg = Debug|Any CPU
		{5E30EDAD-E446-4111-A8BA-9CB4471AFED5}.Debug|x86.Build.0 = Debug|Any CPU
		{5E30EDAD-E446-4111-A8BA-9CB4471AFED5}.Release|Any CPU.ActiveCfg = Release|Any CPU
		{5E30EDAD-E446-4111-A8BA-9CB4471AFED5}.Release|Any CPU.Build.0 = Release|Any CPU
		{5E30EDAD-E446-4111-A8BA-9CB4471AFED5}.Release|x64.ActiveCfg = Release|Any CPU
		{5E30EDAD-E446-4111-A8BA-9CB4471AFED5}.Release|x64.Build.0 = Release|Any CPU
		{5E30EDAD-E446-4111-A8BA-9CB4471AFED5}.Release|x86.ActiveCfg = Release|Any CPU
		{5E30EDAD-E446-4111-A8BA-9CB4471AFED5}.Release|x86.Build.0 = Release|Any CPU
		{0CF258F9-6789-4715-AA09-766CA0BCC49B}.Debug|Any CPU.ActiveCfg = Debug|Any CPU
		{0CF258F9-6789-4715-AA09-766CA0BCC49B}.Debug|Any CPU.Build.0 = Debug|Any CPU
		{0CF258F9-6789-4715-AA09-766CA0BCC49B}.Debug|x64.ActiveCfg = Debug|Any CPU
		{0CF258F9-6789-4715-AA09-766CA0BCC49B}.Debug|x64.Build.0 = Debug|Any CPU
		{0CF258F9-6789-4715-AA09-766CA0BCC49B}.Debug|x86.ActiveCfg = Debug|Any CPU
		{0CF258F9-6789-4715-AA09-766CA0BCC49B}.Debug|x86.Build.0 = Debug|Any CPU
		{0CF258F9-6789-4715-AA09-766CA0BCC49B}.Release|Any CPU.ActiveCfg = Release|Any CPU
		{0CF258F9-6789-4715-AA09-766CA0BCC49B}.Release|Any CPU.Build.0 = Release|Any CPU
		{0CF258F9-6789-4715-AA09-766CA0BCC49B}.Release|x64.ActiveCfg = Release|Any CPU
		{0CF258F9-6789-4715-AA09-766CA0BCC49B}.Release|x64.Build.0 = Release|Any CPU
		{0CF258F9-6789-4715-AA09-766CA0BCC49B}.Release|x86.ActiveCfg = Release|Any CPU
		{0CF258F9-6789-4715-AA09-766CA0BCC49B}.Release|x86.Build.0 = Release|Any CPU
		{5472D676-E243-4633-B6BA-67142F25AE8A}.Debug|Any CPU.ActiveCfg = Debug|Any CPU
		{5472D676-E243-4633-B6BA-67142F25AE8A}.Debug|Any CPU.Build.0 = Debug|Any CPU
		{5472D676-E243-4633-B6BA-67142F25AE8A}.Debug|x64.ActiveCfg = Debug|Any CPU
		{5472D676-E243-4633-B6BA-67142F25AE8A}.Debug|x64.Build.0 = Debug|Any CPU
		{5472D676-E243-4633-B6BA-67142F25AE8A}.Debug|x86.ActiveCfg = Debug|Any CPU
		{5472D676-E243-4633-B6BA-67142F25AE8A}.Debug|x86.Build.0 = Debug|Any CPU
		{5472D676-E243-4633-B6BA-67142F25AE8A}.Release|Any CPU.ActiveCfg = Release|Any CPU
		{5472D676-E243-4633-B6BA-67142F25AE8A}.Release|Any CPU.Build.0 = Release|Any CPU
		{5472D676-E243-4633-B6BA-67142F25AE8A}.Release|x64.ActiveCfg = Release|Any CPU
		{5472D676-E243-4633-B6BA-67142F25AE8A}.Release|x64.Build.0 = Release|Any CPU
		{5472D676-E243-4633-B6BA-67142F25AE8A}.Release|x86.ActiveCfg = Release|Any CPU
		{5472D676-E243-4633-B6BA-67142F25AE8A}.Release|x86.Build.0 = Release|Any CPU
		{CBF9DFEB-DF8A-4120-9BEA-703405E1D5C9}.Debug|Any CPU.ActiveCfg = Debug|Any CPU
		{CBF9DFEB-DF8A-4120-9BEA-703405E1D5C9}.Debug|Any CPU.Build.0 = Debug|Any CPU
		{CBF9DFEB-DF8A-4120-9BEA-703405E1D5C9}.Debug|x64.ActiveCfg = Debug|Any CPU
		{CBF9DFEB-DF8A-4120-9BEA-703405E1D5C9}.Debug|x64.Build.0 = Debug|Any CPU
		{CBF9DFEB-DF8A-4120-9BEA-703405E1D5C9}.Debug|x86.ActiveCfg = Debug|Any CPU
		{CBF9DFEB-DF8A-4120-9BEA-703405E1D5C9}.Debug|x86.Build.0 = Debug|Any CPU
		{CBF9DFEB-DF8A-4120-9BEA-703405E1D5C9}.Release|Any CPU.ActiveCfg = Release|Any CPU
		{CBF9DFEB-DF8A-4120-9BEA-703405E1D5C9}.Release|Any CPU.Build.0 = Release|Any CPU
		{CBF9DFEB-DF8A-4120-9BEA-703405E1D5C9}.Release|x64.ActiveCfg = Release|Any CPU
		{CBF9DFEB-DF8A-4120-9BEA-703405E1D5C9}.Release|x64.Build.0 = Release|Any CPU
		{CBF9DFEB-DF8A-4120-9BEA-703405E1D5C9}.Release|x86.ActiveCfg = Release|Any CPU
		{CBF9DFEB-DF8A-4120-9BEA-703405E1D5C9}.Release|x86.Build.0 = Release|Any CPU
		{DEAE13C2-199B-4A1A-A33B-26CD557E32FF}.Debug|Any CPU.ActiveCfg = Debug|Any CPU
		{DEAE13C2-199B-4A1A-A33B-26CD557E32FF}.Debug|Any CPU.Build.0 = Debug|Any CPU
		{DEAE13C2-199B-4A1A-A33B-26CD557E32FF}.Debug|x64.ActiveCfg = Debug|Any CPU
		{DEAE13C2-199B-4A1A-A33B-26CD557E32FF}.Debug|x64.Build.0 = Debug|Any CPU
		{DEAE13C2-199B-4A1A-A33B-26CD557E32FF}.Debug|x86.ActiveCfg = Debug|Any CPU
		{DEAE13C2-199B-4A1A-A33B-26CD557E32FF}.Debug|x86.Build.0 = Debug|Any CPU
		{DEAE13C2-199B-4A1A-A33B-26CD557E32FF}.Release|Any CPU.ActiveCfg = Release|Any CPU
		{DEAE13C2-199B-4A1A-A33B-26CD557E32FF}.Release|Any CPU.Build.0 = Release|Any CPU
		{DEAE13C2-199B-4A1A-A33B-26CD557E32FF}.Release|x64.ActiveCfg = Release|Any CPU
		{DEAE13C2-199B-4A1A-A33B-26CD557E32FF}.Release|x64.Build.0 = Release|Any CPU
		{DEAE13C2-199B-4A1A-A33B-26CD557E32FF}.Release|x86.ActiveCfg = Release|Any CPU
		{DEAE13C2-199B-4A1A-A33B-26CD557E32FF}.Release|x86.Build.0 = Release|Any CPU
		{1DC29853-45E6-4B45-B2F5-AEE45ACDC481}.Debug|Any CPU.ActiveCfg = Debug|Any CPU
		{1DC29853-45E6-4B45-B2F5-AEE45ACDC481}.Debug|Any CPU.Build.0 = Debug|Any CPU
		{1DC29853-45E6-4B45-B2F5-AEE45ACDC481}.Debug|x64.ActiveCfg = Debug|Any CPU
		{1DC29853-45E6-4B45-B2F5-AEE45ACDC481}.Debug|x64.Build.0 = Debug|Any CPU
		{1DC29853-45E6-4B45-B2F5-AEE45ACDC481}.Debug|x86.ActiveCfg = Debug|Any CPU
		{1DC29853-45E6-4B45-B2F5-AEE45ACDC481}.Debug|x86.Build.0 = Debug|Any CPU
		{1DC29853-45E6-4B45-B2F5-AEE45ACDC481}.Release|Any CPU.ActiveCfg = Release|Any CPU
		{1DC29853-45E6-4B45-B2F5-AEE45ACDC481}.Release|Any CPU.Build.0 = Release|Any CPU
		{1DC29853-45E6-4B45-B2F5-AEE45ACDC481}.Release|x64.ActiveCfg = Release|Any CPU
		{1DC29853-45E6-4B45-B2F5-AEE45ACDC481}.Release|x64.Build.0 = Release|Any CPU
		{1DC29853-45E6-4B45-B2F5-AEE45ACDC481}.Release|x86.ActiveCfg = Release|Any CPU
		{1DC29853-45E6-4B45-B2F5-AEE45ACDC481}.Release|x86.Build.0 = Release|Any CPU
		{F38F9A11-5F0A-4F7D-B639-DA533288D664}.Debug|Any CPU.ActiveCfg = Debug|Any CPU
		{F38F9A11-5F0A-4F7D-B639-DA533288D664}.Debug|Any CPU.Build.0 = Debug|Any CPU
		{F38F9A11-5F0A-4F7D-B639-DA533288D664}.Debug|x64.ActiveCfg = Debug|Any CPU
		{F38F9A11-5F0A-4F7D-B639-DA533288D664}.Debug|x64.Build.0 = Debug|Any CPU
		{F38F9A11-5F0A-4F7D-B639-DA533288D664}.Debug|x86.ActiveCfg = Debug|Any CPU
		{F38F9A11-5F0A-4F7D-B639-DA533288D664}.Debug|x86.Build.0 = Debug|Any CPU
		{F38F9A11-5F0A-4F7D-B639-DA533288D664}.Release|Any CPU.ActiveCfg = Release|Any CPU
		{F38F9A11-5F0A-4F7D-B639-DA533288D664}.Release|Any CPU.Build.0 = Release|Any CPU
		{F38F9A11-5F0A-4F7D-B639-DA533288D664}.Release|x64.ActiveCfg = Release|Any CPU
		{F38F9A11-5F0A-4F7D-B639-DA533288D664}.Release|x64.Build.0 = Release|Any CPU
		{F38F9A11-5F0A-4F7D-B639-DA533288D664}.Release|x86.ActiveCfg = Release|Any CPU
		{F38F9A11-5F0A-4F7D-B639-DA533288D664}.Release|x86.Build.0 = Release|Any CPU
		{6636AB02-8FE2-4EEA-A7BE-E4AABF012CB5}.Debug|Any CPU.ActiveCfg = Debug|Any CPU
		{6636AB02-8FE2-4EEA-A7BE-E4AABF012CB5}.Debug|Any CPU.Build.0 = Debug|Any CPU
		{6636AB02-8FE2-4EEA-A7BE-E4AABF012CB5}.Debug|x64.ActiveCfg = Debug|Any CPU
		{6636AB02-8FE2-4EEA-A7BE-E4AABF012CB5}.Debug|x64.Build.0 = Debug|Any CPU
		{6636AB02-8FE2-4EEA-A7BE-E4AABF012CB5}.Debug|x86.ActiveCfg = Debug|Any CPU
		{6636AB02-8FE2-4EEA-A7BE-E4AABF012CB5}.Debug|x86.Build.0 = Debug|Any CPU
		{6636AB02-8FE2-4EEA-A7BE-E4AABF012CB5}.Release|Any CPU.ActiveCfg = Release|Any CPU
		{6636AB02-8FE2-4EEA-A7BE-E4AABF012CB5}.Release|Any CPU.Build.0 = Release|Any CPU
		{6636AB02-8FE2-4EEA-A7BE-E4AABF012CB5}.Release|x64.ActiveCfg = Release|Any CPU
		{6636AB02-8FE2-4EEA-A7BE-E4AABF012CB5}.Release|x64.Build.0 = Release|Any CPU
		{6636AB02-8FE2-4EEA-A7BE-E4AABF012CB5}.Release|x86.ActiveCfg = Release|Any CPU
		{6636AB02-8FE2-4EEA-A7BE-E4AABF012CB5}.Release|x86.Build.0 = Release|Any CPU
		{1CF9A8AC-7541-4640-A869-7ABC08FA0187}.Debug|Any CPU.ActiveCfg = Debug|Any CPU
		{1CF9A8AC-7541-4640-A869-7ABC08FA0187}.Debug|Any CPU.Build.0 = Debug|Any CPU
		{1CF9A8AC-7541-4640-A869-7ABC08FA0187}.Debug|x64.ActiveCfg = Debug|Any CPU
		{1CF9A8AC-7541-4640-A869-7ABC08FA0187}.Debug|x64.Build.0 = Debug|Any CPU
		{1CF9A8AC-7541-4640-A869-7ABC08FA0187}.Debug|x86.ActiveCfg = Debug|Any CPU
		{1CF9A8AC-7541-4640-A869-7ABC08FA0187}.Debug|x86.Build.0 = Debug|Any CPU
		{1CF9A8AC-7541-4640-A869-7ABC08FA0187}.Release|Any CPU.ActiveCfg = Release|Any CPU
		{1CF9A8AC-7541-4640-A869-7ABC08FA0187}.Release|Any CPU.Build.0 = Release|Any CPU
		{1CF9A8AC-7541-4640-A869-7ABC08FA0187}.Release|x64.ActiveCfg = Release|Any CPU
		{1CF9A8AC-7541-4640-A869-7ABC08FA0187}.Release|x64.Build.0 = Release|Any CPU
		{1CF9A8AC-7541-4640-A869-7ABC08FA0187}.Release|x86.ActiveCfg = Release|Any CPU
		{1CF9A8AC-7541-4640-A869-7ABC08FA0187}.Release|x86.Build.0 = Release|Any CPU
		{D56FCF75-8A8B-4FEF-9974-061B2CEE1A47}.Debug|Any CPU.ActiveCfg = Debug|Any CPU
		{D56FCF75-8A8B-4FEF-9974-061B2CEE1A47}.Debug|Any CPU.Build.0 = Debug|Any CPU
		{D56FCF75-8A8B-4FEF-9974-061B2CEE1A47}.Debug|x64.ActiveCfg = Debug|Any CPU
		{D56FCF75-8A8B-4FEF-9974-061B2CEE1A47}.Debug|x64.Build.0 = Debug|Any CPU
		{D56FCF75-8A8B-4FEF-9974-061B2CEE1A47}.Debug|x86.ActiveCfg = Debug|Any CPU
		{D56FCF75-8A8B-4FEF-9974-061B2CEE1A47}.Debug|x86.Build.0 = Debug|Any CPU
		{D56FCF75-8A8B-4FEF-9974-061B2CEE1A47}.Release|Any CPU.ActiveCfg = Release|Any CPU
		{D56FCF75-8A8B-4FEF-9974-061B2CEE1A47}.Release|Any CPU.Build.0 = Release|Any CPU
		{D56FCF75-8A8B-4FEF-9974-061B2CEE1A47}.Release|x64.ActiveCfg = Release|Any CPU
		{D56FCF75-8A8B-4FEF-9974-061B2CEE1A47}.Release|x64.Build.0 = Release|Any CPU
		{D56FCF75-8A8B-4FEF-9974-061B2CEE1A47}.Release|x86.ActiveCfg = Release|Any CPU
		{D56FCF75-8A8B-4FEF-9974-061B2CEE1A47}.Release|x86.Build.0 = Release|Any CPU
	EndGlobalSection
	GlobalSection(SolutionProperties) = preSolution
		HideSolutionNode = FALSE
	EndGlobalSection
	GlobalSection(NestedProjects) = preSolution
		{5E30EDAD-E446-4111-A8BA-9CB4471AFED5} = {9CBE8BDF-E2D4-CFB6-4D71-B203AD5191F7}
		{0CF258F9-6789-4715-AA09-766CA0BCC49B} = {9CBE8BDF-E2D4-CFB6-4D71-B203AD5191F7}
		{CBF9DFEB-DF8A-4120-9BEA-703405E1D5C9} = {9CBE8BDF-E2D4-CFB6-4D71-B203AD5191F7}
		{1DC29853-45E6-4B45-B2F5-AEE45ACDC481} = {9CBE8BDF-E2D4-CFB6-4D71-B203AD5191F7}
		{6636AB02-8FE2-4EEA-A7BE-E4AABF012CB5} = {9CBE8BDF-E2D4-CFB6-4D71-B203AD5191F7}
		{D56FCF75-8A8B-4FEF-9974-061B2CEE1A47} = {9CBE8BDF-E2D4-CFB6-4D71-B203AD5191F7}
	EndGlobalSection
EndGlobal
